PODS:
  - email_contact_picker (0.0.1):
    - Flutter
  - Flutter (1.0.0)

DEPENDENCIES:
  - email_contact_picker (from `.symlinks/plugins/email_contact_picker/ios`)
  - Flutter (from `Flutter`)

EXTERNAL SOURCES:
  email_contact_picker:
    :path: ".symlinks/plugins/email_contact_picker/ios"
  Flutter:
    :path: Flutter

SPEC CHECKSUMS:
  email_contact_picker: 2a611dd2782e51de53e1d85d578e0d4a4e5ec00f
  Flutter: cabc95a1d2626b1b06e7179b784ebcf0c0cde467

PODFILE CHECKSUM: 4f1c12611da7338d21589c0b2ecd6bd20b109694

COCOAPODS: 1.16.2
