# Generated by pub
# See https://dart.dev/tools/pub/glossary#lockfile
packages:
  _fe_analyzer_shared:
    dependency: transitive
    description:
      name: _fe_analyzer_shared
      sha256: c209688d9f5a5f26b2fb47a188131a6fb9e876ae9e47af3737c0b4f58a93470d
      url: "https://pub.dev"
    source: hosted
    version: "91.0.0"
  analyzer:
    dependency: transitive
    description:
      name: analyzer
      sha256: f51c8499b35f9b26820cfe914828a6a98a94efd5cc78b37bb7d03debae3a1d08
      url: "https://pub.dev"
    source: hosted
    version: "8.4.1"
  args:
    dependency: transitive
    description:
      name: args
      sha256: eef6c46b622e0494a36c5a12d10d77fb4e855501a91c1b9ef9339326e58f0596
      url: "https://pub.dev"
    source: hosted
    version: "2.4.2"
  async:
    dependency: transitive
    description:
      name: async
      sha256: e2eb0491ba5ddb6177742d2da23904574082139b07c1e33b8503b9f46f3e1a37
      url: "https://pub.dev"
    source: hosted
    version: "2.13.1"
  bonsoir:
    dependency: "direct main"
    description:
      name: bonsoir
      sha256: "20fed01e4616e625f4bafd9007ff899d231d8d79bebc8564853fa1e3570294a6"
      url: "https://pub.dev"
    source: hosted
    version: "7.1.5"
  bonsoir_android:
    dependency: transitive
    description:
      name: bonsoir_android
      sha256: "0dda1164e826553b8ee90a3fd1aabd462d17f19348f542b95f9d5b5455e4157f"
      url: "https://pub.dev"
    source: hosted
    version: "7.1.3"
  bonsoir_darwin:
    dependency: transitive
    description:
      name: bonsoir_darwin
      sha256: "6f695a0b4465514b75fc1a457746ab6dfc10d7180f0d04810fd9512e6520df69"
      url: "https://pub.dev"
    source: hosted
    version: "7.1.1"
  bonsoir_linux:
    dependency: transitive
    description:
      name: bonsoir_linux
      sha256: "9afae7bb9509c5bd20a0ea2ca02a0f2b1ef09cca1ceb2ea288ed58a0f03d1e11"
      url: "https://pub.dev"
    source: hosted
    version: "7.1.0"
  bonsoir_platform_interface:
    dependency: transitive
    description:
      name: bonsoir_platform_interface
      sha256: "6c55c786b01ad279f675ae72cea3a885aa746e416d2e8c1f0c46e9d2c06420b0"
      url: "https://pub.dev"
    source: hosted
    version: "7.0.0"
  bonsoir_windows:
    dependency: transitive
    description:
      name: bonsoir_windows
      sha256: aaabbb652fe68d3eb26a9b2cddefaae26cd9ca6ebe737d476ab9ed535c7c2516
      url: "https://pub.dev"
    source: hosted
    version: "7.3.0"
  characters:
    dependency: transitive
    description:
      name: characters
      sha256: faf38497bda5ead2a8c7615f4f7939df04333478bf32e4173fcb06d428b5716b
      url: "https://pub.dev"
    source: hosted
    version: "1.4.1"
  collection:
    dependency: transitive
    description:
      name: collection
      sha256: "2f5709ae4d3d59dd8f7cd309b4e023046b57d8a6c82130785d2b0e5868084e76"
      url: "https://pub.dev"
    source: hosted
    version: "1.19.1"
  convert:
    dependency: transitive
    description:
      name: convert
      sha256: b30acd5944035672bc15c6b7a8b47d773e41e2f17de064350988c5d02adb1c68
      url: "https://pub.dev"
    source: hosted
    version: "3.1.2"
  crypto:
    dependency: transitive
    description:
      name: crypto
      sha256: c8ea0233063ba03258fbcf2ca4d6dadfefe14f02fab57702265467a19f27fadf
      url: "https://pub.dev"
    source: hosted
    version: "3.0.7"
  dart_style:
    dependency: transitive
    description:
      name: dart_style
      sha256: c87dfe3d56f183ffe9106a18aebc6db431fc7c98c31a54b952a77f3d54a85697
      url: "https://pub.dev"
    source: hosted
    version: "3.1.2"
  dbus:
    dependency: transitive
    description:
      name: dbus
      sha256: "0ce9b0a839e6dee59a37a623d2fc26a35bbbe6404213e419b0d6411023d62645"
      url: "https://pub.dev"
    source: hosted
    version: "0.7.14"
  ffi:
    dependency: transitive
    description:
      name: ffi
      sha256: "7bf0adc28a23d395f19f3f1eb21dd7cfd1dd9f8e1c50051c069122e6853bc878"
      url: "https://pub.dev"
    source: hosted
    version: "2.1.0"
  file:
    dependency: transitive
    description:
      name: file
      sha256: a3b4f84adafef897088c160faf7dfffb7696046cb13ae90b508c2cbc95d3b8d4
      url: "https://pub.dev"
    source: hosted
    version: "7.0.1"
  fixnum:
    dependency: transitive
    description:
      name: fixnum
      sha256: "25517a4deb0c03aa0f32fd12db525856438902d9c16536311e76cdc57b31d7d1"
      url: "https://pub.dev"
    source: hosted
    version: "1.1.0"
  flutter:
    dependency: "direct main"
    description: flutter
    source: sdk
    version: "0.0.0"
  glob:
    dependency: transitive
    description:
      name: glob
      sha256: c3f1ee72c96f8f78935e18aa8cecced9ab132419e8625dc187e1c2408efc20de
      url: "https://pub.dev"
    source: hosted
    version: "2.1.3"
  material_color_utilities:
    dependency: transitive
    description:
      name: material_color_utilities
      sha256: "9c337007e82b1889149c82ed242ed1cb24a66044e30979c44912381e9be4c48b"
      url: "https://pub.dev"
    source: hosted
    version: "0.13.0"
  meta:
    dependency: transitive
    description:
      name: meta
      sha256: "1741988757a65eb6b36abe716829688cf01910bbf91c34354ff7ec1c3de2b349"
      url: "https://pub.dev"
    source: hosted
    version: "1.18.0"
  package_config:
    dependency: transitive
    description:
      name: package_config
      sha256: f096c55ebb7deb7e384101542bfba8c52696c1b56fca2eb62827989ef2353bbc
      url: "https://pub.dev"
    source: hosted
    version: "2.2.0"
  path:
    dependency: transitive
    description:
      name: path
      sha256: "75cca69d1490965be98c73ceaea117e8a04dd21217b37b292c9ddbec0d955bc5"
      url: "https://pub.dev"
    source: hosted
    version: "1.9.1"
  pedantic:
    dependency: "direct dev"
    description:
      name: pedantic
      sha256: "67fc27ed9639506c856c840ccce7594d0bdcd91bc8d53d6e52359449a1d50602"
      url: "https://pub.dev"
    source: hosted
    version: "1.11.1"
  petitparser:
    dependency: transitive
    description:
      name: petitparser
      sha256: "91bd59303e9f769f108f8df05e371341b15d59e995e6806aefab827b58336675"
      url: "https://pub.dev"
    source: hosted
    version: "7.0.2"
  plugin_platform_interface:
    dependency: transitive
    description:
      name: plugin_platform_interface
      sha256: da3fdfeccc4d4ff2da8f8c556704c08f912542c5fb3cf2233ed75372384a034d
      url: "https://pub.dev"
    source: hosted
    version: "2.1.6"
  protobuf:
    dependency: "direct main"
    description:
      name: protobuf
      sha256: "75ec242d22e950bdcc79ee38dd520ce4ee0bc491d7fadc4ea47694604d22bf06"
      url: "https://pub.dev"
    source: hosted
    version: "6.0.0"
  protoc_plugin:
    dependency: "direct dev"
    description:
      name: protoc_plugin
      sha256: d1ea363e9118f954d9d482c2f7281c5ff5149b059e68672d1faa564d49091f05
      url: "https://pub.dev"
    source: hosted
    version: "25.0.0"
  pub_semver:
    dependency: transitive
    description:
      name: pub_semver
      sha256: "5bfcf68ca79ef689f8990d1160781b4bad40a3bd5e5218ad4076ddb7f4081585"
      url: "https://pub.dev"
    source: hosted
    version: "2.2.0"
  sky_engine:
    dependency: transitive
    description: flutter
    source: sdk
    version: "0.0.0"
  source_span:
    dependency: transitive
    description:
      name: source_span
      sha256: "56a02f1f4cd1a2d96303c0144c93bd6d909eea6bee6bf5a0e0b685edbd4c47ab"
      url: "https://pub.dev"
    source: hosted
    version: "1.10.2"
  string_scanner:
    dependency: transitive
    description:
      name: string_scanner
      sha256: "921cd31725b72fe181906c6a94d987c78e3b98c2e205b397ea399d4054872b43"
      url: "https://pub.dev"
    source: hosted
    version: "1.4.1"
  term_glyph:
    dependency: transitive
    description:
      name: term_glyph
      sha256: "7f554798625ea768a7518313e58f83891c7f5024f88e46e7182a4558850a4b8e"
      url: "https://pub.dev"
    source: hosted
    version: "1.2.2"
  typed_data:
    dependency: transitive
    description:
      name: typed_data
      sha256: f9049c039ebfeb4cf7a7104a675823cd72dba8297f264b6637062516699fa006
      url: "https://pub.dev"
    source: hosted
    version: "1.4.0"
  vector_math:
    dependency: transitive
    description:
      name: vector_math
      sha256: d530bd74fea330e6e364cda7a85019c434070188383e1cd8d9777ee586914c5b
      url: "https://pub.dev"
    source: hosted
    version: "2.2.0"
  watcher:
    dependency: transitive
    description:
      name: watcher
      sha256: "1398c9f081a753f9226febe8900fce8f7d0a67163334e1c94a2438339d79d635"
      url: "https://pub.dev"
    source: hosted
    version: "1.2.1"
  xml:
    dependency: transitive
    description:
      name: xml
      sha256: "971043b3a0d3da28727e40ed3e0b5d18b742fa5a68665cca88e74b7876d5e025"
      url: "https://pub.dev"
    source: hosted
    version: "6.6.1"
  yaml:
    dependency: transitive
    description:
      name: yaml
      sha256: b9da305ac7c39faa3f030eccd175340f968459dae4af175130b3fc47e40d76ce
      url: "https://pub.dev"
    source: hosted
    version: "3.1.3"
sdks:
  dart: ">=3.12.0 <4.0.0"
  flutter: ">=3.44.0"
